
Microsoft Visual Studio Solution File, Format Version 12.00
# Visual Studio Version 17
VisualStudioVersion = 17.5.33530.505
MinimumVisualStudioVersion = 10.0.40219.1
Project("{FAE04EC0-301F-11D3-BF4B-00C04F79EFBC}") = "JWTWebAPI", "JWTWebAPI\JWTWebAPI.csproj", "{E42B07B0-E93D-4687-8297-2C889BFAE728}"
EndProject
Global
	GlobalSection(SolutionConfigurationPlatforms) = preSolution
		Debug|Any CPU = Debug|Any CPU
		Release|Any CPU = Release|Any CPU
	EndGlobalSection
	GlobalSection(ProjectConfigurationPlatforms) = postSolution
		{E42B07B0-E93D-4687-8297-2C889BFAE728}.Debug|Any CPU.ActiveCfg = Debug|Any CPU
		{E42B07B0-E93D-4687-8297-2C889BFAE728}.Debug|Any CPU.Build.0 = Debug|Any CPU
		{E42B07B0-E93D-4687-8297-2C889BFAE728}.Release|Any CPU.ActiveCfg = Release|Any CPU
		{E42B07B0-E93D-4687-8297-2C889BFAE728}.Release|Any CPU.Build.0 = Release|Any CPU
	EndGlobalSection
	GlobalSection(SolutionProperties) = preSolution
		HideSolutionNode = FALSE
	EndGlobalSection
	GlobalSection(ExtensibilityGlobals) = postSolution
		SolutionGuid = {6D3278A1-7B15-4976-8330-0AA027D1DF81}
	EndGlobalSection
EndGlobal
